# This file is automatically @generated by Poetry 1.5.1 and should not be changed by hand.

[[package]]
name = "atomicwrites"
version = "1.4.0"
description = "Atomic file writes."
optional = false
python-versions = ">=2.7, !=3.0.*, !=3.1.*, !=3.2.*, !=3.3.*"
files = [
    {file = "atomicwrites-1.4.0-py2.py3-none-any.whl", hash = "sha256:6d1784dea7c0c8d4a5172b6c620f40b6e4cbfdf96d783691f2e1302a7b88e197"},
    {file = "atomicwrites-1.4.0.tar.gz", hash = "sha256:ae70396ad1a434f9c7046fd2dd196fc04b12f9e91ffb859164193be8b6168a7a"},
]

[[package]]
name = "attrs"
version = "21.2.0"
description = "Classes Without Boilerplate"
optional = false
python-versions = ">=2.7, !=3.0.*, !=3.1.*, !=3.2.*, !=3.3.*, !=3.4.*"
files = [
    {file = "attrs-21.2.0-py2.py3-none-any.whl", hash = "sha256:149e90d6d8ac20db7a955ad60cf0e6881a3f20d37096140088356da6c716b0b1"},
    {file = "attrs-21.2.0.tar.gz", hash = "sha256:ef6aaac3ca6cd92904cdd0d83f629a15f18053ec84e6432106f7a4d04ae4f5fb"},
]

[package.extras]
dev = ["coverage[toml] (>=5.0.2)", "furo", "hypothesis", "mypy", "pre-commit", "pympler", "pytest (>=4.3.0)", "pytest-mypy-plugins", "six", "sphinx", "sphinx-notfound-page", "zope.interface"]
docs = ["furo", "sphinx", "sphinx-notfound-page", "zope.interface"]
tests = ["coverage[toml] (>=5.0.2)", "hypothesis", "mypy", "pympler", "pytest (>=4.3.0)", "pytest-mypy-plugins", "six", "zope.interface"]
tests-no-zope = ["coverage[toml] (>=5.0.2)", "hypothesis", "mypy", "pympler", "pytest (>=4.3.0)", "pytest-mypy-plugins", "six"]

[[package]]
name = "colorama"
version = "0.4.4"
description = "Cross-platform colored terminal text."
optional = false
python-versions = ">=2.7, !=3.0.*, !=3.1.*, !=3.2.*, !=3.3.*, !=3.4.*"
files = [
    {file = "colorama-0.4.4-py2.py3-none-any.whl", hash = "sha256:9f47eda37229f68eee03b24b9748937c7dc3868f906e8ba69fbcbdd3bc5dc3e2"},
    {file = "colorama-0.4.4.tar.gz", hash = "sha256:5941b2b48a20143d2267e95b1c2a7603ce057ee39fd88e7329b0c292aa16869b"},
]

[[package]]
name = "dependencies"
version = "0.15"
description = "Dependency Injection for Humans"
optional = false
python-versions = "*"
files = [
    {file = "dependencies-0.15-py2-none-any.whl", hash = "sha256:fae250bf563b75d70951d4e763e7b51f6a191b128914f93d8356322335d42f1f"},
    {file = "dependencies-0.15-py3-none-any.whl", hash = "sha256:876a60b30e8c06937f7245b32b73957dbfb91d80e412f9bd43e2a06475ca1a69"},
    {file = "dependencies-0.15.tar.gz", hash = "sha256:f52574a78493aec35d2bd47656b0770c7a0696a515e5f32d163cb83fbc4b5817"},
]

[[package]]
name = "loguru"
version = "0.5.3"
description = "Python logging made (stupidly) simple"
optional = false
python-versions = ">=3.5"
files = [
    {file = "loguru-0.5.3-py3-none-any.whl", hash = "sha256:f8087ac396b5ee5f67c963b495d615ebbceac2796379599820e324419d53667c"},
    {file = "loguru-0.5.3.tar.gz", hash = "sha256:b28e72ac7a98be3d28ad28570299a393dfcd32e5e3f6a353dec94675767b6319"},
]

[package.dependencies]
colorama = {version = ">=0.3.4", markers = "sys_platform == \"win32\""}
win32-setctime = {version = ">=1.0.0", markers = "sys_platform == \"win32\""}

[package.extras]
dev = ["Sphinx (>=2.2.1)", "black (>=19.10b0)", "codecov (>=2.0.15)", "colorama (>=0.3.4)", "flake8 (>=3.7.7)", "isort (>=5.1.1)", "pytest (>=4.6.2)", "pytest-cov (>=2.7.1)", "sphinx-autobuild (>=0.7.1)", "sphinx-rtd-theme (>=0.4.3)", "tox (>=3.9.0)", "tox-travis (>=0.12)"]

[[package]]
name = "mongomock"
version = "3.22.1"
description = "Fake pymongo stub for testing simple MongoDB-dependent code"
optional = false
python-versions = "*"
files = [
    {file = "mongomock-3.22.1-py2.py3-none-any.whl", hash = "sha256:c721a7b8ce3ae44442de3cf314a89f4be3fe65bd337d8e7d0d909d8af0d1584e"},
    {file = "mongomock-3.22.1.tar.gz", hash = "sha256:70d6d0d5e4c4e225eb46a109c527c2388e54f684b6d32bdb4718c0618ecec168"},
]

[package.dependencies]
sentinels = "*"
six = "*"

[[package]]
name = "more-itertools"
version = "8.8.0"
description = "More routines for operating on iterables, beyond itertools"
optional = false
python-versions = ">=3.5"
files = [
    {file = "more-itertools-8.8.0.tar.gz", hash = "sha256:83f0308e05477c68f56ea3a888172c78ed5d5b3c282addb67508e7ba6c8f813a"},
    {file = "more_itertools-8.8.0-py3-none-any.whl", hash = "sha256:2cf89ec599962f2ddc4d568a05defc40e0a587fbc10d5989713638864c36be4d"},
]

[[package]]
name = "packaging"
version = "20.9"
description = "Core utilities for Python packages"
optional = false
python-versions = ">=2.7, !=3.0.*, !=3.1.*, !=3.2.*, !=3.3.*"
files = [
    {file = "packaging-20.9-py2.py3-none-any.whl", hash = "sha256:67714da7f7bc052e064859c05c595155bd1ee9f69f76557e21f051443c20947a"},
    {file = "packaging-20.9.tar.gz", hash = "sha256:5b327ac1320dc863dca72f4514ecc086f31186744b84a230374cc1fd776feae5"},
]

[package.dependencies]
pyparsing = ">=2.0.2"

[[package]]
name = "pluggy"
version = "0.13.1"
description = "plugin and hook calling mechanisms for python"
optional = false
python-versions = ">=2.7, !=3.0.*, !=3.1.*, !=3.2.*, !=3.3.*"
files = [
    {file = "pluggy-0.13.1-py2.py3-none-any.whl", hash = "sha256:966c145cd83c96502c3c3868f50408687b38434af77734af1e9ca461a4081d2d"},
    {file = "pluggy-0.13.1.tar.gz", hash = "sha256:15b2acde666561e1298d71b523007ed7364de07029219b604cf808bfa1c765b0"},
]

[package.extras]
dev = ["pre-commit", "tox"]

[[package]]
name = "py"
version = "1.10.0"
description = "library with cross-python path, ini-parsing, io, code, log facilities"
optional = false
python-versions = ">=2.7, !=3.0.*, !=3.1.*, !=3.2.*, !=3.3.*"
files = [
    {file = "py-1.10.0-py2.py3-none-any.whl", hash = "sha256:3b80836aa6d1feeaa108e046da6423ab8f6ceda6468545ae8d02d9d58d18818a"},
    {file = "py-1.10.0.tar.gz", hash = "sha256:21b81bda15b66ef5e1a777a21c4dcd9c20ad3efd0b3f817e7a809035269e1bd3"},
]

[[package]]
name = "pyaes"
version = "1.6.1"
description = "Pure-Python Implementation of the AES block-cipher and common modes of operation"
optional = false
python-versions = "*"
files = [
    {file = "pyaes-1.6.1.tar.gz", hash = "sha256:02c1b1405c38d3c370b085fb952dd8bea3fadcee6411ad99f312cc129c536d8f"},
]

[[package]]
name = "pyasn1"
version = "0.4.8"
description = "ASN.1 types and codecs"
optional = false
python-versions = "*"
files = [
    {file = "pyasn1-0.4.8-py2.py3-none-any.whl", hash = "sha256:39c7e2ec30515947ff4e87fb6f456dfc6e84857d34be479c9d4a4ba4bf46aa5d"},
    {file = "pyasn1-0.4.8.tar.gz", hash = "sha256:aef77c9fb94a3ac588e87841208bdec464471d9871bd5050a287cc9a475cd0ba"},
]

[[package]]
name = "pydantic"
version = "1.8.2"
description = "Data validation and settings management using python 3.6 type hinting"
optional = false
python-versions = ">=3.6.1"
files = [
    {file = "pydantic-1.8.2-cp36-cp36m-macosx_10_9_x86_64.whl", hash = "sha256:05ddfd37c1720c392f4e0d43c484217b7521558302e7069ce8d318438d297739"},
    {file = "pydantic-1.8.2-cp36-cp36m-manylinux1_i686.whl", hash = "sha256:a7c6002203fe2c5a1b5cbb141bb85060cbff88c2d78eccbc72d97eb7022c43e4"},
    {file = "pydantic-1.8.2-cp36-cp36m-manylinux2014_i686.whl", hash = "sha256:589eb6cd6361e8ac341db97602eb7f354551482368a37f4fd086c0733548308e"},
    {file = "pydantic-1.8.2-cp36-cp36m-manylinux2014_x86_64.whl", hash = "sha256:10e5622224245941efc193ad1d159887872776df7a8fd592ed746aa25d071840"},
    {file = "pydantic-1.8.2-cp36-cp36m-win_amd64.whl", hash = "sha256:99a9fc39470010c45c161a1dc584997f1feb13f689ecf645f59bb4ba623e586b"},
    {file = "pydantic-1.8.2-cp37-cp37m-macosx_10_9_x86_64.whl", hash = "sha256:a83db7205f60c6a86f2c44a61791d993dff4b73135df1973ecd9eed5ea0bda20"},
    {file = "pydantic-1.8.2-cp37-cp37m-manylinux1_i686.whl", hash = "sha256:41b542c0b3c42dc17da70554bc6f38cbc30d7066d2c2815a94499b5684582ecb"},
    {file = "pydantic-1.8.2-cp37-cp37m-manylinux2014_i686.whl", hash = "sha256:ea5cb40a3b23b3265f6325727ddfc45141b08ed665458be8c6285e7b85bd73a1"},
    {file = "pydantic-1.8.2-cp37-cp37m-manylinux2014_x86_64.whl", hash = "sha256:18b5ea242dd3e62dbf89b2b0ec9ba6c7b5abaf6af85b95a97b00279f65845a23"},
    {file = "pydantic-1.8.2-cp37-cp37m-win_amd64.whl", hash = "sha256:234a6c19f1c14e25e362cb05c68afb7f183eb931dd3cd4605eafff055ebbf287"},
    {file = "pydantic-1.8.2-cp38-cp38-macosx_10_9_x86_64.whl", hash = "sha256:021ea0e4133e8c824775a0cfe098677acf6fa5a3cbf9206a376eed3fc09302cd"},
    {file = "pydantic-1.8.2-cp38-cp38-manylinux1_i686.whl", hash = "sha256:e710876437bc07bd414ff453ac8ec63d219e7690128d925c6e82889d674bb505"},
    {file = "pydantic-1.8.2-cp38-cp38-manylinux2014_i686.whl", hash = "sha256:ac8eed4ca3bd3aadc58a13c2aa93cd8a884bcf21cb019f8cfecaae3b6ce3746e"},
    {file = "pydantic-1.8.2-cp38-cp38-manylinux2014_x86_64.whl", hash = "sha256:4a03cbbe743e9c7247ceae6f0d8898f7a64bb65800a45cbdc52d65e370570820"},
    {file = "pydantic-1.8.2-cp38-cp38-win_amd64.whl", hash = "sha256:8621559dcf5afacf0069ed194278f35c255dc1a1385c28b32dd6c110fd6531b3"},
    {file = "pydantic-1.8.2-cp39-cp39-macosx_10_9_x86_64.whl", hash = "sha256:8b223557f9510cf0bfd8b01316bf6dd281cf41826607eada99662f5e4963f316"},
    {file = "pydantic-1.8.2-cp39-cp39-manylinux1_i686.whl", hash = "sha256:244ad78eeb388a43b0c927e74d3af78008e944074b7d0f4f696ddd5b2af43c62"},
    {file = "pydantic-1.8.2-cp39-cp39-manylinux2014_i686.whl", hash = "sha256:05ef5246a7ffd2ce12a619cbb29f3307b7c4509307b1b49f456657b43529dc6f"},
    {file = "pydantic-1.8.2-cp39-cp39-manylinux2014_x86_64.whl", hash = "sha256:54cd5121383f4a461ff7644c7ca20c0419d58052db70d8791eacbbe31528916b"},
    {file = "pydantic-1.8.2-cp39-cp39-win_amd64.whl", hash = "sha256:4be75bebf676a5f0f87937c6ddb061fa39cbea067240d98e298508c1bda6f3f3"},
    {file = "pydantic-1.8.2-py3-none-any.whl", hash = "sha256:fec866a0b59f372b7e776f2d7308511784dace622e0992a0b59ea3ccee0ae833"},
    {file = "pydantic-1.8.2.tar.gz", hash = "sha256:26464e57ccaafe72b7ad156fdaa4e9b9ef051f69e175dbbb463283000c05ab7b"},
]

[package.dependencies]
python-dotenv = {version = ">=0.10.4", optional = true, markers = "extra == \"dotenv\""}
typing-extensions = ">=3.7.4.3"

[package.extras]
dotenv = ["python-dotenv (>=0.10.4)"]
email = ["email-validator (>=1.0.3)"]

[[package]]
name = "pymongo"
version = "3.11.4"
description = "Python driver for MongoDB <http://www.mongodb.org>"
optional = false
python-versions = "*"
files = [
    {file = "pymongo-3.11.4-cp27-cp27m-macosx_10_14_intel.whl", hash = "sha256:b7efc7e7049ef366777cfd35437c18a4166bb50a5606a1c840ee3b9624b54fc9"},
    {file = "pymongo-3.11.4-cp27-cp27m-manylinux1_i686.whl", hash = "sha256:517ba47ca04a55b1f50ee8df9fd97f6c37df5537d118fb2718952b8623860466"},
    {file = "pymongo-3.11.4-cp27-cp27m-manylinux1_x86_64.whl", hash = "sha256:225c61e08fe517aede7912937939e09adf086c8e6f7e40d4c85ad678c2c2aea3"},
    {file = "pymongo-3.11.4-cp27-cp27m-win32.whl", hash = "sha256:e4e9db78b71db2b1684ee4ecc3e32c4600f18cdf76e6b9ae03e338e52ee4b168"},
    {file = "pymongo-3.11.4-cp27-cp27m-win_amd64.whl", hash = "sha256:8e0004b0393d72d76de94b4792a006cb960c1c65c7659930fbf9a81ce4341982"},
    {file = "pymongo-3.11.4-cp27-cp27mu-manylinux1_i686.whl", hash = "sha256:fedf0dee7a412ca6d1d6d92c158fe9cbaa8ea0cae90d268f9ccc0744de7a97d0"},
    {file = "pymongo-3.11.4-cp27-cp27mu-manylinux1_x86_64.whl", hash = "sha256:f947b359cc4769af8b49be7e37af01f05fcf15b401da2528021148e4a54426d1"},
    {file = "pymongo-3.11.4-cp34-cp34m-macosx_10_6_intel.whl", hash = "sha256:3a3498a8326111221560e930f198b495ea6926937e249f475052ffc6893a6680"},
    {file = "pymongo-3.11.4-cp34-cp34m-manylinux1_i686.whl", hash = "sha256:9a4f6e0b01df820ba9ed0b4e618ca83a1c089e48d4f268d0e00dcd49893d4549"},
    {file = "pymongo-3.11.4-cp34-cp34m-manylinux1_x86_64.whl", hash = "sha256:d65bac5f6724d9ea6f0b5a0f0e4952fbbf209adcf6b5583b54c54bd2fcd74dc0"},
    {file = "pymongo-3.11.4-cp34-cp34m-win32.whl", hash = "sha256:15b083d1b789b230e5ac284442d9ecb113c93f3785a6824f748befaab803b812"},
    {file = "pymongo-3.11.4-cp34-cp34m-win_amd64.whl", hash = "sha256:f08665d3cc5abc2f770f472a9b5f720a9b3ab0b8b3bb97c7c1487515e5653d39"},
    {file = "pymongo-3.11.4-cp35-cp35m-macosx_10_6_intel.whl", hash = "sha256:977b1d4f868986b4ba5d03c317fde4d3b66e687d74473130cd598e3103db34fa"},
    {file = "pymongo-3.11.4-cp35-cp35m-manylinux1_i686.whl", hash = "sha256:510cd3bfabb63a07405b7b79fae63127e34c118b7531a2cbbafc7a24fd878594"},
    {file = "pymongo-3.11.4-cp35-cp35m-manylinux1_x86_64.whl", hash = "sha256:071552b065e809d24c5653fcc14968cfd6fde4e279408640d5ac58e3353a3c5f"},
    {file = "pymongo-3.11.4-cp35-cp35m-manylinux2014_aarch64.whl", hash = "sha256:f4ba58157e8ae33ee86fadf9062c506e535afd904f07f9be32731f4410a23b7f"},
    {file = "pymongo-3.11.4-cp35-cp35m-manylinux2014_i686.whl", hash = "sha256:b413117210fa6d92664c3d860571e8e8727c3e8f2ff197276c5d0cb365abd3ad"},
    {file = "pymongo-3.11.4-cp35-cp35m-manylinux2014_ppc64le.whl", hash = "sha256:08b8723248730599c9803ae4c97b8f3f76c55219104303c88cb962a31e3bb5ee"},
    {file = "pymongo-3.11.4-cp35-cp35m-manylinux2014_s390x.whl", hash = "sha256:8a41fdc751dc4707a4fafb111c442411816a7c225ebb5cadb57599534b5d5372"},
    {file = "pymongo-3.11.4-cp35-cp35m-manylinux2014_x86_64.whl", hash = "sha256:f664ed7613b8b18f0ce5696b146776266a038c19c5cd6efffa08ecc189b01b73"},
    {file = "pymongo-3.11.4-cp35-cp35m-win32.whl", hash = "sha256:5c36428cc4f7fae56354db7f46677fd21222fc3cb1e8829549b851172033e043"},
    {file = "pymongo-3.11.4-cp35-cp35m-win_amd64.whl", hash = "sha256:d0a70151d7de8a3194cdc906bcc1a42e14594787c64b0c1c9c975e5a2af3e251"},
    {file = "pymongo-3.11.4-cp36-cp36m-macosx_10_6_intel.whl", hash = "sha256:9b9298964389c180a063a9e8bac8a80ed42de11d04166b20249bfa0a489e0e0f"},
    {file = "pymongo-3.11.4-cp36-cp36m-manylinux1_i686.whl", hash = "sha256:b2f41261b648cf5dee425f37ff14f4ad151c2f24b827052b402637158fd056ef"},
    {file = "pymongo-3.11.4-cp36-cp36m-manylinux1_x86_64.whl", hash = "sha256:e02beaab433fd1104b2804f909e694cfbdb6578020740a9051597adc1cd4e19f"},
    {file = "pymongo-3.11.4-cp36-cp36m-manylinux2014_aarch64.whl", hash = "sha256:8898f6699f740ca93a0879ed07d8e6db02d68af889d0ebb3d13ab017e6b1af1e"},
    {file = "pymongo-3.11.4-cp36-cp36m-manylinux2014_i686.whl", hash = "sha256:62c29bc36a6d9be68fe7b5aaf1e120b4aa66a958d1e146601fcd583eb12cae7b"},
    {file = "pymongo-3.11.4-cp36-cp36m-manylinux2014_ppc64le.whl", hash = "sha256:424799c71ff435094e5fb823c40eebb4500f0e048133311e9c026467e8ccebac"},
    {file = "pymongo-3.11.4-cp36-cp36m-manylinux2014_s390x.whl", hash = "sha256:3551912f5c34d8dd7c32c6bb00ae04192af47f7b9f653608f107d19c1a21a194"},
    {file = "pymongo-3.11.4-cp36-cp36m-manylinux2014_x86_64.whl", hash = "sha256:5db59223ed1e634d842a053325f85f908359c6dac9c8ddce8ef145061fae7df8"},
    {file = "pymongo-3.11.4-cp36-cp36m-win32.whl", hash = "sha256:fea5cb1c63efe1399f0812532c7cf65458d38fd011be350bc5021dfcac39fba8"},
    {file = "pymongo-3.11.4-cp36-cp36m-win_amd64.whl", hash = "sha256:d4e62417e89b717a7bcd8576ac3108cd063225942cc91c5b37ff5465fdccd386"},
    {file = "pymongo-3.11.4-cp37-cp37m-macosx_10_6_intel.whl", hash = "sha256:4c7e8c8e1e1918dcf6a652ac4b9d87164587c26fd2ce5dd81e73a5ab3b3d492f"},
    {file = "pymongo-3.11.4-cp37-cp37m-manylinux1_i686.whl", hash = "sha256:38a7b5140a48fc91681cdb5cb95b7cd64640b43d19259fdd707fa9d5a715f2b2"},
    {file = "pymongo-3.11.4-cp37-cp37m-manylinux1_x86_64.whl", hash = "sha256:aff3656af2add93f290731a6b8930b23b35c0c09569150130a58192b3ec6fc61"},
    {file = "pymongo-3.11.4-cp37-cp37m-manylinux2014_aarch64.whl", hash = "sha256:03be7ad107d252bb7325d4af6309fdd2c025d08854d35f0e7abc8bf048f4245e"},
    {file = "pymongo-3.11.4-cp37-cp37m-manylinux2014_i686.whl", hash = "sha256:6060794aac9f7b0644b299f46a9c6cbc0bc470bd01572f4134df140afd41ded6"},
    {file = "pymongo-3.11.4-cp37-cp37m-manylinux2014_ppc64le.whl", hash = "sha256:73326b211e7410c8bd6a74500b1e3f392f39cf10862e243d00937e924f112c01"},
    {file = "pymongo-3.11.4-cp37-cp37m-manylinux2014_s390x.whl", hash = "sha256:20d75ea11527331a2980ab04762a9d960bcfea9475c54bbeab777af880de61cd"},
    {file = "pymongo-3.11.4-cp37-cp37m-manylinux2014_x86_64.whl", hash = "sha256:3135dd574ef1286189f3f04a36c8b7a256376914f8cbbce66b94f13125ded858"},
    {file = "pymongo-3.11.4-cp37-cp37m-win32.whl", hash = "sha256:7c97554ea521f898753d9773891d0347ebfaddcc1dee2ad94850b163171bf1f1"},
    {file = "pymongo-3.11.4-cp37-cp37m-win_amd64.whl", hash = "sha256:a08c8b322b671857c81f4c30cd3c8df2895fd3c0e9358714f39e0ef8fb327702"},
    {file = "pymongo-3.11.4-cp38-cp38-macosx_10_9_x86_64.whl", hash = "sha256:f3d851af3852f16ad4adc7ee054fd9c90a7a5063de94d815b7f6a88477b9f4c6"},
    {file = "pymongo-3.11.4-cp38-cp38-manylinux1_i686.whl", hash = "sha256:3bfc7689a1bacb9bcd2f2d5185d99507aa29f667a58dd8adaa43b5a348139e46"},
    {file = "pymongo-3.11.4-cp38-cp38-manylinux1_x86_64.whl", hash = "sha256:b8f94acd52e530a38f25e4d5bf7ddfdd4bea9193e718f58419def0d4406b58d3"},
    {file = "pymongo-3.11.4-cp38-cp38-manylinux2014_aarch64.whl", hash = "sha256:e4b631688dfbdd61b5610e20b64b99d25771c6d52d9da73349342d2a0f11c46a"},
    {file = "pymongo-3.11.4-cp38-cp38-manylinux2014_i686.whl", hash = "sha256:474e21d0e07cd09679e357d1dac76e570dab86665e79a9d3354b10a279ac6fb3"},
    {file = "pymongo-3.11.4-cp38-cp38-manylinux2014_ppc64le.whl", hash = "sha256:421d13523d11c57f57f257152bc4a6bb463aadf7a3918e9c96fefdd6be8dbfb8"},
    {file = "pymongo-3.11.4-cp38-cp38-manylinux2014_s390x.whl", hash = "sha256:0cabfc297f4cf921f15bc789a8fbfd7115eb9f813d3f47a74b609894bc66ab0d"},
    {file = "pymongo-3.11.4-cp38-cp38-manylinux2014_x86_64.whl", hash = "sha256:fe4189846448df013cd9df11bba38ddf78043f8c290a9f06430732a7a8601cce"},
    {file = "pymongo-3.11.4-cp38-cp38-win32.whl", hash = "sha256:eb4d176394c37a76e8b0afe54b12d58614a67a60a7f8c0dd3a5afbb013c01092"},
    {file = "pymongo-3.11.4-cp38-cp38-win_amd64.whl", hash = "sha256:fffff7bfb6799a763d3742c59c6ee7ffadda21abed557637bc44ed1080876484"},
    {file = "pymongo-3.11.4-cp39-cp39-macosx_10_9_x86_64.whl", hash = "sha256:13acf6164ead81c9fc2afa0e1ea6d6134352973ce2bb35496834fee057063c04"},
    {file = "pymongo-3.11.4-cp39-cp39-manylinux1_i686.whl", hash = "sha256:d360e5d5dd3d55bf5d1776964625018d85b937d1032bae1926dd52253decd0db"},
    {file = "pymongo-3.11.4-cp39-cp39-manylinux1_x86_64.whl", hash = "sha256:0aaf4d44f1f819360f9432df538d54bbf850f18152f34e20337c01b828479171"},
    {file = "pymongo-3.11.4-cp39-cp39-manylinux2014_aarch64.whl", hash = "sha256:08bda7b2c522ff9f1e554570da16298271ebb0c56ab9699446aacba249008988"},
    {file = "pymongo-3.11.4-cp39-cp39-manylinux2014_i686.whl", hash = "sha256:1a994a42f49dab5b6287e499be7d3d2751776486229980d8857ad53b8333d469"},
    {file = "pymongo-3.11.4-cp39-cp39-manylinux2014_ppc64le.whl", hash = "sha256:161fcd3281c42f644aa8dec7753cca2af03ce654e17d76da4f0dab34a12480ca"},
    {file = "pymongo-3.11.4-cp39-cp39-manylinux2014_s390x.whl", hash = "sha256:78f07961f4f214ea8e80be63cffd5cc158eb06cd922ffbf6c7155b11728f28f9"},
    {file = "pymongo-3.11.4-cp39-cp39-manylinux2014_x86_64.whl", hash = "sha256:ad31f184dcd3271de26ab1f9c51574afb99e1b0e484ab1da3641256b723e4994"},
    {file = "pymongo-3.11.4-cp39-cp39-win32.whl", hash = "sha256:5e606846c049ed40940524057bfdf1105af6066688c0e6a1a3ce2038589bae70"},
    {file = "pymongo-3.11.4-cp39-cp39-win_amd64.whl", hash = "sha256:3491c7de09e44eded16824cb58cf9b5cc1dc6f066a0bb7aa69929d02aa53b828"},
    {file = "pymongo-3.11.4.tar.gz", hash = "sha256:539d4cb1b16b57026999c53e5aab857fe706e70ae5310cc8c232479923f932e6"},
]

[package.extras]
aws = ["pymongo-auth-aws (<2.0.0)"]
encryption = ["pymongocrypt (<2.0.0)"]
gssapi = ["pykerberos"]
ocsp = ["pyopenssl (>=17.2.0)", "requests (<3.0.0)", "service-identity (>=18.1.0)"]
snappy = ["python-snappy"]
srv = ["dnspython (>=1.16.0,<1.17.0)"]
tls = ["ipaddress"]
zstd = ["zstandard"]

[[package]]
name = "pyparsing"
version = "2.4.7"
description = "Python parsing module"
optional = false
python-versions = ">=2.6, !=3.0.*, !=3.1.*, !=3.2.*"
files = [
    {file = "pyparsing-2.4.7-py2.py3-none-any.whl", hash = "sha256:ef9d7589ef3c200abe66653d3f1ab1033c3c419ae9b9bdb1240a85b024efc88b"},
    {file = "pyparsing-2.4.7.tar.gz", hash = "sha256:c203ec8783bf771a155b207279b9bccb8dea02d8f0c9e5f8ead507bc3246ecc1"},
]

[[package]]
name = "pytest"
version = "5.4.3"
description = "pytest: simple powerful testing with Python"
optional = false
python-versions = ">=3.5"
files = [
    {file = "pytest-5.4.3-py3-none-any.whl", hash = "sha256:5c0db86b698e8f170ba4582a492248919255fcd4c79b1ee64ace34301fb589a1"},
    {file = "pytest-5.4.3.tar.gz", hash = "sha256:7979331bfcba207414f5e1263b5a0f8f521d0f457318836a7355531ed1a4c7d8"},
]

[package.dependencies]
atomicwrites = {version = ">=1.0", markers = "sys_platform == \"win32\""}
attrs = ">=17.4.0"
colorama = {version = "*", markers = "sys_platform == \"win32\""}
more-itertools = ">=4.0.0"
packaging = "*"
pluggy = ">=0.12,<1.0"
py = ">=1.5.0"
wcwidth = "*"

[package.extras]
checkqa-mypy = ["mypy (==v0.761)"]
testing = ["argcomplete", "hypothesis (>=3.56)", "mock", "nose", "requests", "xmlschema"]

[[package]]
name = "python-dotenv"
version = "0.17.1"
description = "Read key-value pairs from a .env file and set them as environment variables"
optional = false
python-versions = "*"
files = [
    {file = "python-dotenv-0.17.1.tar.gz", hash = "sha256:b1ae5e9643d5ed987fc57cc2583021e38db531946518130777734f9589b3141f"},
    {file = "python_dotenv-0.17.1-py2.py3-none-any.whl", hash = "sha256:00aa34e92d992e9f8383730816359647f358f4a3be1ba45e5a5cefd27ee91544"},
]

[package.extras]
cli = ["click (>=5.0)"]

[[package]]
name = "rsa"
version = "4.7.2"
description = "Pure-Python RSA implementation"
optional = false
python-versions = ">=3.5, <4"
files = [
    {file = "rsa-4.7.2-py3-none-any.whl", hash = "sha256:78f9a9bf4e7be0c5ded4583326e7461e3a3c5aae24073648b4bdfa797d78c9d2"},
    {file = "rsa-4.7.2.tar.gz", hash = "sha256:9d689e6ca1b3038bc82bf8d23e944b6b6037bc02301a574935b2dd946e0353b9"},
]

[package.dependencies]
pyasn1 = ">=0.1.3"

[[package]]
name = "sentinels"
version = "1.0.0"
description = "Various objects to denote special meanings in python"
optional = false
python-versions = "*"
files = [
    {file = "sentinels-1.0.0.tar.gz", hash = "sha256:7be0704d7fe1925e397e92d18669ace2f619c92b5d4eb21a89f31e026f9ff4b1"},
]

[[package]]
name = "six"
version = "1.16.0"
description = "Python 2 and 3 compatibility utilities"
optional = false
python-versions = ">=2.7, !=3.0.*, !=3.1.*, !=3.2.*"
files = [
    {file = "six-1.16.0-py2.py3-none-any.whl", hash = "sha256:8abb2f1d86890a2dfb989f9a77cfcfd3e47c2a354b01111771326f8aa26e0254"},
    {file = "six-1.16.0.tar.gz", hash = "sha256:1e61c37477a1626458e36f7b1d82aa5c9b094fa4802892072e49de9c60c4c926"},
]

[[package]]
name = "telethon"
version = "1.21.1"
description = "Full-featured Telegram client library for Python 3"
optional = false
python-versions = ">=3.5"
files = [
    {file = "Telethon-1.21.1-py3-none-any.whl", hash = "sha256:df643fc988708ad16d16de834ffa12ad4bfa3f956473d835c8158e2283b885ea"},
    {file = "Telethon-1.21.1.tar.gz", hash = "sha256:993c837ef745addf972a27d7bfba0ce518a2863d1a50e0737255b764d23e0ef2"},
]

[package.dependencies]
pyaes = "*"
rsa = "*"

[package.extras]
cryptg = ["cryptg"]

[[package]]
name = "typing-extensions"
version = "3.10.0.0"
description = "Backported and Experimental Type Hints for Python 3.5+"
optional = false
python-versions = "*"
files = [
    {file = "typing_extensions-3.10.0.0-py2-none-any.whl", hash = "sha256:0ac0f89795dd19de6b97debb0c6af1c70987fd80a2d62d1958f7e56fcc31b497"},
    {file = "typing_extensions-3.10.0.0-py3-none-any.whl", hash = "sha256:779383f6086d90c99ae41cf0ff39aac8a7937a9283ce0a414e5dd782f4c94a84"},
    {file = "typing_extensions-3.10.0.0.tar.gz", hash = "sha256:50b6f157849174217d0656f99dc82fe932884fb250826c18350e159ec6cdf342"},
]

[[package]]
name = "wcwidth"
version = "0.2.5"
description = "Measures the displayed width of unicode strings in a terminal"
optional = false
python-versions = "*"
files = [
    {file = "wcwidth-0.2.5-py2.py3-none-any.whl", hash = "sha256:beb4802a9cebb9144e99086eff703a642a13d6a0052920003a230f3294bbe784"},
    {file = "wcwidth-0.2.5.tar.gz", hash = "sha256:c4d647b99872929fdb7bdcaa4fbe7f01413ed3d98077df798530e5b04f116c83"},
]

[[package]]
name = "win32-setctime"
version = "1.0.3"
description = "A small Python utility to set file creation time on Windows"
optional = false
python-versions = ">=3.5"
files = [
    {file = "win32_setctime-1.0.3-py3-none-any.whl", hash = "sha256:dc925662de0a6eb987f0b01f599c01a8236cb8c62831c22d9cada09ad958243e"},
    {file = "win32_setctime-1.0.3.tar.gz", hash = "sha256:4e88556c32fdf47f64165a2180ba4552f8bb32c1103a2fafd05723a0bd42bd4b"},
]

[package.extras]
dev = ["black (>=19.3b0)", "pytest (>=4.6.2)"]

[metadata]
lock-version = "2.0"
python-versions = "^3.9"
content-hash = "ad2e5a8064bb537a677cc68b2074632a0ad03302edcec2a300891b57907e9891"
